# THIS IS AN AUTOGENERATED FILE. DO NOT EDIT THIS FILE DIRECTLY.
# yarn lockfile v1


"@hotwired/turbo@^7.1.0":
  version "7.1.0"
  resolved "https://registry.yarnpkg.com/@hotwired/turbo/-/turbo-7.1.0.tgz#27e44e0e3dc5bd1d4bda0766d579cf5a14091cd7"
  integrity sha512-Q8kGjqwPqER+CtpQudbH+3Zgs2X4zb6pBAlr6NsKTXadg45pAOvxI9i4QpuHbwSzR2+x87HUm+rot9F/Pe8rxA==

"@rails/actioncable@^7.0":
  version "7.0.3"
  resolved "https://registry.yarnpkg.com/@rails/actioncable/-/actioncable-7.0.3.tgz#71f08e958883af64f6a20489318b5e95d2c6dc5b"
  integrity sha512-Iefl21FZD+ck1di6xSHMYzSzRiNJTHV4NrAzCfDfqc/wPz4xncrP8f2/fJ+2jzwKIaDn76UVMsALh7R5OzsF8Q==
